{
  "name": "black-wolf",
  "version": "1.0.0",
  "lockfileVersion": 3,
  "requires": true,
  "packages": {
    "": {
      "name": "black-wolf",
      "version": "1.0.0",
      "dependencies": {
        "@whiskeysockets/baileys": "^6.6.0",
        "dotenv": "^16.0.3",
        "pino": "^8.0.0"
      }
    },
    "node_modules/@whiskeysockets/baileys": {
      "version": "6.6.0",
      "resolved": "https://registry.npmjs.org/@whiskeysockets/baileys/-/baileys-6.6.0.tgz",
      "integrity": "sha512-...",
      "dependencies": { ... }
    }
    // ... more nested dependencies
  }
}
